<?xml version="1.0" encoding="utf-8"?>
<Project ToolsVersion="4.0" xmlns="http://schemas.microsoft.com/developer/msbuild/2003">
  <ItemGroup>
    <Filter Include="Source Files">
      <UniqueIdentifier>{4FC737F1-C7A5-4376-A066-2A32D752A2FF}</UniqueIdentifier>
      <Extensions>cpp;c;cc;cxx;def;odl;idl;hpj;bat;asm;asmx</Extensions>
    </Filter>
    <Filter Include="Header Files">
      <UniqueIdentifier>{93995380-89BD-4b04-88EB-625FBE52EBFB}</UniqueIdentifier>
      <Extensions>h;hh;hpp;hxx;hm;inl;inc;ipp;xsd</Extensions>
    </Filter>
    <Filter Include="Resource Files">
      <UniqueIdentifier>{67DA6AB6-F800-4c08-8B7A-83BB121AAD01}</UniqueIdentifier>
      <Extensions>rc;ico;cur;bmp;dlg;rc2;rct;bin;rgs;gif;jpg;jpeg;jpe;resx;tiff;tif;png;wav;mfcribbon-ms</Extensions>
    </Filter>
    <Filter Include="ISPC">
      <UniqueIdentifier>{702cb63e-95af-4c75-b886-6be50cdc9f1b}</UniqueIdentifier>
    </Filter>
    <Filter Include="ISPC Header">
      <UniqueIdentifier>{be92c8e6-e6db-4c64-a662-73c6d2d454c8}</UniqueIdentifier>
    </Filter>
  </ItemGroup>
  <ItemGroup>
    <ClCompile Include="src\main.cpp">
      <Filter>Source Files</Filter>
    </ClCompile>
    <ClCompile Include="src\lodepng\lodepng.cpp">
      <Filter>Source Files</Filter>
    </ClCompile>
    <ClCompile Include="src\accelerationStructure\node.cpp">
      <Filter>Source Files</Filter>
    </ClCompile>
    <ClCompile Include="src\primitives\triangle.cpp">
      <Filter>Source Files</Filter>
    </ClCompile>
    <ClCompile Include="src\ray.cpp">
      <Filter>Source Files</Filter>
    </ClCompile>
    <ClCompile Include="src\accelerationStructure\compactNode.cpp">
      <Filter>Source Files</Filter>
    </ClCompile>
    <ClCompile Include="src\accelerationStructure\aabb.cpp">
      <Filter>Source Files</Filter>
    </ClCompile>
    <ClCompile Include="src\accelerationStructure\bvh.cpp">
      <Filter>Source Files</Filter>
    </ClCompile>
    <ClCompile Include="src\camera.cpp">
      <Filter>Source Files</Filter>
    </ClCompile>
    <ClCompile Include="src\fastRay.cpp">
      <Filter>Source Files</Filter>
    </ClCompile>
    <ClCompile Include="src\accelerationStructure\fastNodeManager.cpp">
      <Filter>Source Files</Filter>
    </ClCompile>
  </ItemGroup>
  <ItemGroup>
    <ClInclude Include="src\primitives\primitive.h">
      <Filter>Header Files</Filter>
    </ClInclude>
    <ClInclude Include="src\primitives\sphere.h">
      <Filter>Header Files</Filter>
    </ClInclude>
    <ClInclude Include="src\accelerationStructure\aabb.h">
      <Filter>Header Files</Filter>
    </ClInclude>
    <ClInclude Include="src\accelerationStructure\bvh.h">
      <Filter>Header Files</Filter>
    </ClInclude>
    <ClInclude Include="src\accelerationStructure\node.h">
      <Filter>Header Files</Filter>
    </ClInclude>
    <ClInclude Include="src\ray.h">
      <Filter>Header Files</Filter>
    </ClInclude>
    <ClInclude Include="src\lodepng\lodepng.h">
      <Filter>Header Files</Filter>
    </ClInclude>
    <ClInclude Include="src\glmInclude.h">
      <Filter>Header Files</Filter>
    </ClInclude>
    <ClInclude Include="src\primitives\triangle.h">
      <Filter>Header Files</Filter>
    </ClInclude>
    <ClInclude Include="src\mesh.h">
      <Filter>Header Files</Filter>
    </ClInclude>
    <ClInclude Include="src\gameobject.h">
      <Filter>Header Files</Filter>
    </ClInclude>
    <ClInclude Include="src\modelLoader.h">
      <Filter>Header Files</Filter>
    </ClInclude>
    <ClInclude Include="src\tinyGltf\json.hpp">
      <Filter>Header Files</Filter>
    </ClInclude>
    <ClInclude Include="src\tinyGltf\tiny_gltf.h">
      <Filter>Header Files</Filter>
    </ClInclude>
    <ClInclude Include="src\tinyGltf\stb_image.h">
      <Filter>Header Files</Filter>
    </ClInclude>
    <ClInclude Include="src\tinyGltf\stb_image_write.h">
      <Filter>Header Files</Filter>
    </ClInclude>
    <ClInclude Include="src\vertex.h">
      <Filter>Header Files</Filter>
    </ClInclude>
    <ClInclude Include="src\util.h">
      <Filter>Header Files</Filter>
    </ClInclude>
    <ClInclude Include="src\glmUtil.h">
      <Filter>Header Files</Filter>
    </ClInclude>
    <ClInclude Include="src\texture.h">
      <Filter>Header Files</Filter>
    </ClInclude>
    <ClInclude Include="src\lights\directionalLight.h">
      <Filter>Header Files</Filter>
    </ClInclude>
    <ClInclude Include="src\lights\light.h">
      <Filter>Header Files</Filter>
    </ClInclude>
    <ClInclude Include="src\lights\pointLight.h">
      <Filter>Header Files</Filter>
    </ClInclude>
    <ClInclude Include="src\color.h">
      <Filter>Header Files</Filter>
    </ClInclude>
    <ClInclude Include="src\typedef.h">
      <Filter>Header Files</Filter>
    </ClInclude>
    <ClInclude Include="src\accelerationStructure\nodeAnalysis.h">
      <Filter>Header Files</Filter>
    </ClInclude>
    <ClInclude Include="src\meshBin.h">
      <Filter>Header Files</Filter>
    </ClInclude>
    <ClInclude Include="src\accelerationStructure\compactNode.h">
      <Filter>Header Files</Filter>
    </ClInclude>
    <ClInclude Include="src\ISPC\ISPCBuild\test_ISPC.h">
      <Filter>ISPC Header</Filter>
    </ClInclude>
    <ClInclude Include="src\cameraData.h">
      <Filter>Header Files</Filter>
    </ClInclude>
    <ClInclude Include="src\camera.h">
      <Filter>Header Files</Filter>
    </ClInclude>
    <ClInclude Include="src\accelerationStructure\fastNodeManager.h">
      <Filter>Header Files</Filter>
    </ClInclude>
    <ClInclude Include="src\fastRay.h">
      <Filter>Header Files</Filter>
    </ClInclude>
    <ClInclude Include="src\ISPC\ISPCBuild\rayTracer_ISPC.h">
      <Filter>ISPC Header</Filter>
    </ClInclude>
    <ClInclude Include="src\cameraFast.h">
      <Filter>Header Files</Filter>
    </ClInclude>
    <ClInclude Include="src\timing.h">
      <Filter>Header Files</Filter>
    </ClInclude>
  </ItemGroup>
  <ItemGroup>
    <None Include="src\ISPC\test.ispc">
      <Filter>ISPC</Filter>
    </None>
    <None Include="src\ISPC\rayTracer.ispc">
      <Filter>ISPC</Filter>
    </None>
  </ItemGroup>
  <ItemGroup>
    <Object Include="src\ISPC\ISPCBuild\test.obj">
      <Filter>Resource Files</Filter>
    </Object>
    <Object Include="src\ISPC\ISPCBuild\rayTracer.obj">
      <Filter>Resource Files</Filter>
    </Object>
  </ItemGroup>
</Project>